
Microsoft Visual Studio Solution File, Format Version 12.00
# Visual Studio 2015
Project("{FAE04EC0-301F-11D3-BF4B-00C04F79EFBC}") = "steamvrdemo - Copy.CSharp", "steamvrdemo - Copy.CSharp.csproj", "{70AC3627-9DC9-A188-658F-D77B4A738B21}"
EndProject
Project("{FAE04EC0-301F-11D3-BF4B-00C04F79EFBC}") = "steamvrdemo - Copy.CSharp.Editor", "steamvrdemo - Copy.CSharp.Editor.csproj", "{4D99E047-6616-B602-9259-72BC5E381018}"
EndProject
Global
	GlobalSection(SolutionConfigurationPlatforms) = preSolution
		Debug|Any CPU = Debug|Any CPU
		Release|Any CPU = Release|Any CPU
	EndGlobalSection
	GlobalSection(ProjectConfigurationPlatforms) = postSolution
		{70AC3627-9DC9-A188-658F-D77B4A738B21}.Debug|Any CPU.ActiveCfg = Debug|Any CPU
		{70AC3627-9DC9-A188-658F-D77B4A738B21}.Debug|Any CPU.Build.0 = Debug|Any CPU
		{70AC3627-9DC9-A188-658F-D77B4A738B21}.Release|Any CPU.ActiveCfg = Release|Any CPU
		{70AC3627-9DC9-A188-658F-D77B4A738B21}.Release|Any CPU.Build.0 = Release|Any CPU
		{4D99E047-6616-B602-9259-72BC5E381018}.Debug|Any CPU.ActiveCfg = Debug|Any CPU
		{4D99E047-6616-B602-9259-72BC5E381018}.Debug|Any CPU.Build.0 = Debug|Any CPU
		{4D99E047-6616-B602-9259-72BC5E381018}.Release|Any CPU.ActiveCfg = Release|Any CPU
		{4D99E047-6616-B602-9259-72BC5E381018}.Release|Any CPU.Build.0 = Release|Any CPU
	EndGlobalSection
	GlobalSection(SolutionProperties) = preSolution
		HideSolutionNode = FALSE
	EndGlobalSection
EndGlobal
